// !$*UTF8*$!
{
	archiveVersion = 1;
	classes = {
	};
	objectVersion = 56;
	objects = {

/* Begin PBXBuildFile section */
		8F022FC628EF260A00BC573A /* Toast in Frameworks */ = {isa = PBXBuildFile; productRef = 8F022FC528EF260A00BC573A /* Toast */; };
		8F02F7DB28F016FF0069D94E /* WatchSunCloudApp.swift in Sources */ = {isa = PBXBuildFile; fileRef = 8F02F7DA28F016FF0069D94E /* WatchSunCloudApp.swift */; };
		8F02F7DD28F016FF0069D94E /* MainView.swift in Sources */ = {isa = PBXBuildFile; fileRef = 8F02F7DC28F016FF0069D94E /* MainView.swift */; };
		8F02F7DF28F017000069D94E /* Assets.xcassets in Resources */ = {isa = PBXBuildFile; fileRef = 8F02F7DE28F017000069D94E /* Assets.xcassets */; };
		8F02F7E228F017000069D94E /* Preview Assets.xcassets in Resources */ = {isa = PBXBuildFile; fileRef = 8F02F7E128F017000069D94E /* Preview Assets.xcassets */; };
		8F02F7EC28F017000069D94E /* WatchSunCloud_Watch_AppTests.swift in Sources */ = {isa = PBXBuildFile; fileRef = 8F02F7EB28F017000069D94E /* WatchSunCloud_Watch_AppTests.swift */; };
		8F02F7F628F017000069D94E /* WatchSunCloud_Watch_AppUITests.swift in Sources */ = {isa = PBXBuildFile; fileRef = 8F02F7F528F017000069D94E /* WatchSunCloud_Watch_AppUITests.swift */; };
		8F02F7F828F017000069D94E /* WatchSunCloud_Watch_AppUITestsLaunchTests.swift in Sources */ = {isa = PBXBuildFile; fileRef = 8F02F7F728F017000069D94E /* WatchSunCloud_Watch_AppUITestsLaunchTests.swift */; };
		8F02F80628F01AFA0069D94E /* WeatherModel.swift in Sources */ = {isa = PBXBuildFile; fileRef = 8F02F80528F01AFA0069D94E /* WeatherModel.swift */; };
		8F02F80828F01B140069D94E /* WeatherRandomAPI.swift in Sources */ = {isa = PBXBuildFile; fileRef = 8F02F80728F01B140069D94E /* WeatherRandomAPI.swift */; };
		8F1FCA3628EECD7C00F2A16A /* MapView.swift in Sources */ = {isa = PBXBuildFile; fileRef = 8F1FCA3528EECD7C00F2A16A /* MapView.swift */; };
		8F45801328E8245900EC35C3 /* WeatherRandomAPI.swift in Sources */ = {isa = PBXBuildFile; fileRef = 8F45801228E8245900EC35C3 /* WeatherRandomAPI.swift */; };
		8F5069AB28EEBC0D0006EB8B /* LaunchScreen.storyboard in Resources */ = {isa = PBXBuildFile; fileRef = 8F5069AA28EEBC0D0006EB8B /* LaunchScreen.storyboard */; };
		8F5069B128EEC6A30006EB8B /* MeteoView.swift in Sources */ = {isa = PBXBuildFile; fileRef = 8F5069B028EEC6A30006EB8B /* MeteoView.swift */; };
		8F9AA9C328E6C19A00D255FE /* WeatherAPI.swift in Sources */ = {isa = PBXBuildFile; fileRef = 8F9AA9C228E6C19A00D255FE /* WeatherAPI.swift */; };
		8FB8070528E83F9700BC5B1E /* WeatherModel.swift in Sources */ = {isa = PBXBuildFile; fileRef = 8FB8070428E83F9700BC5B1E /* WeatherModel.swift */; };
		8FEA025528E631F600E89917 /* SunCloudApp.swift in Sources */ = {isa = PBXBuildFile; fileRef = 8FEA025428E631F600E89917 /* SunCloudApp.swift */; };
		8FEA025728E631F600E89917 /* MainView.swift in Sources */ = {isa = PBXBuildFile; fileRef = 8FEA025628E631F600E89917 /* MainView.swift */; };
		8FEA025928E631F700E89917 /* Assets.xcassets in Resources */ = {isa = PBXBuildFile; fileRef = 8FEA025828E631F700E89917 /* Assets.xcassets */; };
		8FEA025C28E631F700E89917 /* Preview Assets.xcassets in Resources */ = {isa = PBXBuildFile; fileRef = 8FEA025B28E631F700E89917 /* Preview Assets.xcassets */; };
		8FEA026628E631F700E89917 /* SunCloudTests.swift in Sources */ = {isa = PBXBuildFile; fileRef = 8FEA026528E631F700E89917 /* SunCloudTests.swift */; };
		8FEA027028E631F700E89917 /* SunCloudUITests.swift in Sources */ = {isa = PBXBuildFile; fileRef = 8FEA026F28E631F700E89917 /* SunCloudUITests.swift */; };
		8FEA027228E631F700E89917 /* SunCloudUITestsLaunchTests.swift in Sources */ = {isa = PBXBuildFile; fileRef = 8FEA027128E631F700E89917 /* SunCloudUITestsLaunchTests.swift */; };
/* End PBXBuildFile section */

/* Begin PBXContainerItemProxy section */
		8F02F7E828F017000069D94E /* PBXContainerItemProxy */ = {
			isa = PBXContainerItemProxy;
			containerPortal = 8FEA024928E631F600E89917 /* Project object */;
			proxyType = 1;
			remoteGlobalIDString = 8F02F7D728F016FF0069D94E;
			remoteInfo = "WatchSunCloud Watch App";
		};
		8F02F7F228F017000069D94E /* PBXContainerItemProxy */ = {
			isa = PBXContainerItemProxy;
			containerPortal = 8FEA024928E631F600E89917 /* Project object */;
			proxyType = 1;
			remoteGlobalIDString = 8F02F7D728F016FF0069D94E;
			remoteInfo = "WatchSunCloud Watch App";
		};
		8FEA026228E631F700E89917 /* PBXContainerItemProxy */ = {
			isa = PBXContainerItemProxy;
			containerPortal = 8FEA024928E631F600E89917 /* Project object */;
			proxyType = 1;
			remoteGlobalIDString = 8FEA025028E631F600E89917;
			remoteInfo = SunCloud;
		};
		8FEA026C28E631F700E89917 /* PBXContainerItemProxy */ = {
			isa = PBXContainerItemProxy;
			containerPortal = 8FEA024928E631F600E89917 /* Project object */;
			proxyType = 1;
			remoteGlobalIDString = 8FEA025028E631F600E89917;
			remoteInfo = SunCloud;
		};
/* End PBXContainerItemProxy section */

/* Begin PBXFileReference section */
		8F02F7D828F016FF0069D94E /* WatchSunCloud Watch App.app */ = {isa = PBXFileReference; explicitFileType = wrapper.application; includeInIndex = 0; path = "WatchSunCloud Watch App.app"; sourceTree = BUILT_PRODUCTS_DIR; };
		8F02F7DA28F016FF0069D94E /* WatchSunCloudApp.swift */ = {isa = PBXFileReference; lastKnownFileType = sourcecode.swift; path = WatchSunCloudApp.swift; sourceTree = "<group>"; };
		8F02F7DC28F016FF0069D94E /* MainView.swift */ = {isa = PBXFileReference; lastKnownFileType = sourcecode.swift; path = MainView.swift; sourceTree = "<group>"; };
		8F02F7DE28F017000069D94E /* Assets.xcassets */ = {isa = PBXFileReference; lastKnownFileType = folder.assetcatalog; path = Assets.xcassets; sourceTree = "<group>"; };
		8F02F7E128F017000069D94E /* Preview Assets.xcassets */ = {isa = PBXFileReference; lastKnownFileType = folder.assetcatalog; path = "Preview Assets.xcassets"; sourceTree = "<group>"; };
		8F02F7E728F017000069D94E /* WatchSunCloud Watch AppTests.xctest */ = {isa = PBXFileReference; explicitFileType = wrapper.cfbundle; includeInIndex = 0; path = "WatchSunCloud Watch AppTests.xctest"; sourceTree = BUILT_PRODUCTS_DIR; };
		8F02F7EB28F017000069D94E /* WatchSunCloud_Watch_AppTests.swift */ = {isa = PBXFileReference; lastKnownFileType = sourcecode.swift; path = WatchSunCloud_Watch_AppTests.swift; sourceTree = "<group>"; };
		8F02F7F128F017000069D94E /* WatchSunCloud Watch AppUITests.xctest */ = {isa = PBXFileReference; explicitFileType = wrapper.cfbundle; includeInIndex = 0; path = "WatchSunCloud Watch AppUITests.xctest"; sourceTree = BUILT_PRODUCTS_DIR; };
		8F02F7F528F017000069D94E /* WatchSunCloud_Watch_AppUITests.swift */ = {isa = PBXFileReference; lastKnownFileType = sourcecode.swift; path = WatchSunCloud_Watch_AppUITests.swift; sourceTree = "<group>"; };
		8F02F7F728F017000069D94E /* WatchSunCloud_Watch_AppUITestsLaunchTests.swift */ = {isa = PBXFileReference; lastKnownFileType = sourcecode.swift; path = WatchSunCloud_Watch_AppUITestsLaunchTests.swift; sourceTree = "<group>"; };
		8F02F80528F01AFA0069D94E /* WeatherModel.swift */ = {isa = PBXFileReference; lastKnownFileType = sourcecode.swift; path = WeatherModel.swift; sourceTree = "<group>"; };
		8F02F80728F01B140069D94E /* WeatherRandomAPI.swift */ = {isa = PBXFileReference; lastKnownFileType = sourcecode.swift; path = WeatherRandomAPI.swift; sourceTree = "<group>"; };
		8F1FCA3528EECD7C00F2A16A /* MapView.swift */ = {isa = PBXFileReference; lastKnownFileType = sourcecode.swift; path = MapView.swift; sourceTree = "<group>"; };
		8F45801228E8245900EC35C3 /* WeatherRandomAPI.swift */ = {isa = PBXFileReference; lastKnownFileType = sourcecode.swift; path = WeatherRandomAPI.swift; sourceTree = "<group>"; };
		8F5069AA28EEBC0D0006EB8B /* LaunchScreen.storyboard */ = {isa = PBXFileReference; lastKnownFileType = file.storyboard; path = LaunchScreen.storyboard; sourceTree = "<group>"; };
		8F5069B028EEC6A30006EB8B /* MeteoView.swift */ = {isa = PBXFileReference; lastKnownFileType = sourcecode.swift; path = MeteoView.swift; sourceTree = "<group>"; };
		8F9AA9C228E6C19A00D255FE /* WeatherAPI.swift */ = {isa = PBXFileReference; lastKnownFileType = sourcecode.swift; path = WeatherAPI.swift; sourceTree = "<group>"; };
		8FB8070428E83F9700BC5B1E /* WeatherModel.swift */ = {isa = PBXFileReference; lastKnownFileType = sourcecode.swift; path = WeatherModel.swift; sourceTree = "<group>"; };
		8FEA025128E631F600E89917 /* SunCloud.app */ = {isa = PBXFileReference; explicitFileType = wrapper.application; includeInIndex = 0; path = SunCloud.app; sourceTree = BUILT_PRODUCTS_DIR; };
		8FEA025428E631F600E89917 /* SunCloudApp.swift */ = {isa = PBXFileReference; lastKnownFileType = sourcecode.swift; path = SunCloudApp.swift; sourceTree = "<group>"; };
		8FEA025628E631F600E89917 /* MainView.swift */ = {isa = PBXFileReference; lastKnownFileType = sourcecode.swift; path = MainView.swift; sourceTree = "<group>"; };
		8FEA025828E631F700E89917 /* Assets.xcassets */ = {isa = PBXFileReference; lastKnownFileType = folder.assetcatalog; path = Assets.xcassets; sourceTree = "<group>"; };
		8FEA025B28E631F700E89917 /* Preview Assets.xcassets */ = {isa = PBXFileReference; lastKnownFileType = folder.assetcatalog; path = "Preview Assets.xcassets"; sourceTree = "<group>"; };
		8FEA026128E631F700E89917 /* SunCloudTests.xctest */ = {isa = PBXFileReference; explicitFileType = wrapper.cfbundle; includeInIndex = 0; path = SunCloudTests.xctest; sourceTree = BUILT_PRODUCTS_DIR; };
		8FEA026528E631F700E89917 /* SunCloudTests.swift */ = {isa = PBXFileReference; lastKnownFileType = sourcecode.swift; path = SunCloudTests.swift; sourceTree = "<group>"; };
		8FEA026B28E631F700E89917 /* SunCloudUITests.xctest */ = {isa = PBXFileReference; explicitFileType = wrapper.cfbundle; includeInIndex = 0; path = SunCloudUITests.xctest; sourceTree = BUILT_PRODUCTS_DIR; };
		8FEA026F28E631F700E89917 /* SunCloudUITests.swift */ = {isa = PBXFileReference; lastKnownFileType = sourcecode.swift; path = SunCloudUITests.swift; sourceTree = "<group>"; };
		8FEA027128E631F700E89917 /* SunCloudUITestsLaunchTests.swift */ = {isa = PBXFileReference; lastKnownFileType = sourcecode.swift; path = SunCloudUITestsLaunchTests.swift; sourceTree = "<group>"; };
/* End PBXFileReference section */

/* Begin PBXFrameworksBuildPhase section */
		8F02F7D528F016FF0069D94E /* Frameworks */ = {
			isa = PBXFrameworksBuildPhase;
			buildActionMask = 2147483647;
			files = (
			);
			runOnlyForDeploymentPostprocessing = 0;
		};
		8F02F7E428F017000069D94E /* Frameworks */ = {
			isa = PBXFrameworksBuildPhase;
			buildActionMask = 2147483647;
			files = (
			);
			runOnlyForDeploymentPostprocessing = 0;
		};
		8F02F7EE28F017000069D94E /* Frameworks */ = {
			isa = PBXFrameworksBuildPhase;
			buildActionMask = 2147483647;
			files = (
			);
			runOnlyForDeploymentPostprocessing = 0;
		};
		8FEA024E28E631F600E89917 /* Frameworks */ = {
			isa = PBXFrameworksBuildPhase;
			buildActionMask = 2147483647;
			files = (
				8F022FC628EF260A00BC573A /* Toast in Frameworks */,
			);
			runOnlyForDeploymentPostprocessing = 0;
		};
		8FEA025E28E631F700E89917 /* Frameworks */ = {
			isa = PBXFrameworksBuildPhase;
			buildActionMask = 2147483647;
			files = (
			);
			runOnlyForDeploymentPostprocessing = 0;
		};
		8FEA026828E631F700E89917 /* Frameworks */ = {
			isa = PBXFrameworksBuildPhase;
			buildActionMask = 2147483647;
			files = (
			);
			runOnlyForDeploymentPostprocessing = 0;
		};
/* End PBXFrameworksBuildPhase section */

/* Begin PBXGroup section */
		8F02F7D928F016FF0069D94E /* WatchSunCloud Watch App */ = {
			isa = PBXGroup;
			children = (
				8F02F7DA28F016FF0069D94E /* WatchSunCloudApp.swift */,
				8F02F80428F01AE40069D94E /* Models */,
				8F02F80328F01ADD0069D94E /* ViewModels */,
				8F02F80228F01AC40069D94E /* Views */,
				8F02F7DE28F017000069D94E /* Assets.xcassets */,
				8F02F7E028F017000069D94E /* Preview Content */,
			);
			path = "WatchSunCloud Watch App";
			sourceTree = "<group>";
		};
		8F02F7E028F017000069D94E /* Preview Content */ = {
			isa = PBXGroup;
			children = (
				8F02F7E128F017000069D94E /* Preview Assets.xcassets */,
			);
			path = "Preview Content";
			sourceTree = "<group>";
		};
		8F02F7EA28F017000069D94E /* WatchSunCloud Watch AppTests */ = {
			isa = PBXGroup;
			children = (
				8F02F7EB28F017000069D94E /* WatchSunCloud_Watch_AppTests.swift */,
			);
			path = "WatchSunCloud Watch AppTests";
			sourceTree = "<group>";
		};
		8F02F7F428F017000069D94E /* WatchSunCloud Watch AppUITests */ = {
			isa = PBXGroup;
			children = (
				8F02F7F528F017000069D94E /* WatchSunCloud_Watch_AppUITests.swift */,
				8F02F7F728F017000069D94E /* WatchSunCloud_Watch_AppUITestsLaunchTests.swift */,
			);
			path = "WatchSunCloud Watch AppUITests";
			sourceTree = "<group>";
		};
		8F02F80228F01AC40069D94E /* Views */ = {
			isa = PBXGroup;
			children = (
				8F02F7DC28F016FF0069D94E /* MainView.swift */,
			);
			path = Views;
			sourceTree = "<group>";
		};
		8F02F80328F01ADD0069D94E /* ViewModels */ = {
			isa = PBXGroup;
			children = (
				8F02F80728F01B140069D94E /* WeatherRandomAPI.swift */,
			);
			path = ViewModels;
			sourceTree = "<group>";
		};
		8F02F80428F01AE40069D94E /* Models */ = {
			isa = PBXGroup;
			children = (
				8F02F80528F01AFA0069D94E /* WeatherModel.swift */,
			);
			path = Models;
			sourceTree = "<group>";
		};
		8FB8070628E83FA200BC5B1E /* Views */ = {
			isa = PBXGroup;
			children = (
				8FEA025628E631F600E89917 /* MainView.swift */,
				8F5069B028EEC6A30006EB8B /* MeteoView.swift */,
				8F1FCA3528EECD7C00F2A16A /* MapView.swift */,
			);
			path = Views;
			sourceTree = "<group>";
		};
		8FB8070728E83FBF00BC5B1E /* ViewModels */ = {
			isa = PBXGroup;
			children = (
				8F9AA9C228E6C19A00D255FE /* WeatherAPI.swift */,
				8F45801228E8245900EC35C3 /* WeatherRandomAPI.swift */,
			);
			path = ViewModels;
			sourceTree = "<group>";
		};
		8FB8070828E83FC700BC5B1E /* Models */ = {
			isa = PBXGroup;
			children = (
				8FB8070428E83F9700BC5B1E /* WeatherModel.swift */,
			);
			path = Models;
			sourceTree = "<group>";
		};
		8FEA024828E631F600E89917 = {
			isa = PBXGroup;
			children = (
				8FEA025328E631F600E89917 /* SunCloud */,
				8FEA026428E631F700E89917 /* SunCloudTests */,
				8FEA026E28E631F700E89917 /* SunCloudUITests */,
				8F02F7D928F016FF0069D94E /* WatchSunCloud Watch App */,
				8F02F7EA28F017000069D94E /* WatchSunCloud Watch AppTests */,
				8F02F7F428F017000069D94E /* WatchSunCloud Watch AppUITests */,
				8FEA025228E631F600E89917 /* Products */,
			);
			sourceTree = "<group>";
		};
		8FEA025228E631F600E89917 /* Products */ = {
			isa = PBXGroup;
			children = (
				8FEA025128E631F600E89917 /* SunCloud.app */,
				8FEA026128E631F700E89917 /* SunCloudTests.xctest */,
				8FEA026B28E631F700E89917 /* SunCloudUITests.xctest */,
				8F02F7D828F016FF0069D94E /* WatchSunCloud Watch App.app */,
				8F02F7E728F017000069D94E /* WatchSunCloud Watch AppTests.xctest */,
				8F02F7F128F017000069D94E /* WatchSunCloud Watch AppUITests.xctest */,
			);
			name = Products;
			sourceTree = "<group>";
		};
		8FEA025328E631F600E89917 /* SunCloud */ = {
			isa = PBXGroup;
			children = (
				8FEA025428E631F600E89917 /* SunCloudApp.swift */,
				8FB8070828E83FC700BC5B1E /* Models */,
				8FB8070728E83FBF00BC5B1E /* ViewModels */,
				8FB8070628E83FA200BC5B1E /* Views */,
				8FEA025828E631F700E89917 /* Assets.xcassets */,
				8FEA025A28E631F700E89917 /* Preview Content */,
				8F5069AA28EEBC0D0006EB8B /* LaunchScreen.storyboard */,
			);
			path = SunCloud;
			sourceTree = "<group>";
		};
		8FEA025A28E631F700E89917 /* Preview Content */ = {
			isa = PBXGroup;
			children = (
				8FEA025B28E631F700E89917 /* Preview Assets.xcassets */,
			);
			path = "Preview Content";
			sourceTree = "<group>";
		};
		8FEA026428E631F700E89917 /* SunCloudTests */ = {
			isa = PBXGroup;
			children = (
				8FEA026528E631F700E89917 /* SunCloudTests.swift */,
			);
			path = SunCloudTests;
			sourceTree = "<group>";
		};
		8FEA026E28E631F700E89917 /* SunCloudUITests */ = {
			isa = PBXGroup;
			children = (
				8FEA026F28E631F700E89917 /* SunCloudUITests.swift */,
				8FEA027128E631F700E89917 /* SunCloudUITestsLaunchTests.swift */,
			);
			path = SunCloudUITests;
			sourceTree = "<group>";
		};
/* End PBXGroup section */

/* Begin PBXNativeTarget section */
		8F02F7D728F016FF0069D94E /* WatchSunCloud Watch App */ = {
			isa = PBXNativeTarget;
			buildConfigurationList = 8F02F7FF28F017000069D94E /* Build configuration list for PBXNativeTarget "WatchSunCloud Watch App" */;
			buildPhases = (
				8F02F7D428F016FF0069D94E /* Sources */,
				8F02F7D528F016FF0069D94E /* Frameworks */,
				8F02F7D628F016FF0069D94E /* Resources */,
			);
			buildRules = (
			);
			dependencies = (
			);
			name = "WatchSunCloud Watch App";
			productName = "WatchSunCloud Watch App";
			productReference = 8F02F7D828F016FF0069D94E /* WatchSunCloud Watch App.app */;
			productType = "com.apple.product-type.application";
		};
		8F02F7E628F017000069D94E /* WatchSunCloud Watch AppTests */ = {
			isa = PBXNativeTarget;
			buildConfigurationList = 8F02F80028F017000069D94E /* Build configuration list for PBXNativeTarget "WatchSunCloud Watch AppTests" */;
			buildPhases = (
				8F02F7E328F017000069D94E /* Sources */,
				8F02F7E428F017000069D94E /* Frameworks */,
				8F02F7E528F017000069D94E /* Resources */,
			);
			buildRules = (
			);
			dependencies = (
				8F02F7E928F017000069D94E /* PBXTargetDependency */,
			);
			name = "WatchSunCloud Watch AppTests";
			productName = "WatchSunCloud Watch AppTests";
			productReference = 8F02F7E728F017000069D94E /* WatchSunCloud Watch AppTests.xctest */;
			productType = "com.apple.product-type.bundle.unit-test";
		};
		8F02F7F028F017000069D94E /* WatchSunCloud Watch AppUITests */ = {
			isa = PBXNativeTarget;
			buildConfigurationList = 8F02F80128F017000069D94E /* Build configuration list for PBXNativeTarget "WatchSunCloud Watch AppUITests" */;
			buildPhases = (
				8F02F7ED28F017000069D94E /* Sources */,
				8F02F7EE28F017000069D94E /* Frameworks */,
				8F02F7EF28F017000069D94E /* Resources */,
			);
			buildRules = (
			);
			dependencies = (
				8F02F7F328F017000069D94E /* PBXTargetDependency */,
			);
			name = "WatchSunCloud Watch AppUITests";
			productName = "WatchSunCloud Watch AppUITests";
			productReference = 8F02F7F128F017000069D94E /* WatchSunCloud Watch AppUITests.xctest */;
			productType = "com.apple.product-type.bundle.ui-testing";
		};
		8FEA025028E631F600E89917 /* SunCloud */ = {
			isa = PBXNativeTarget;
			buildConfigurationList = 8FEA027528E631F700E89917 /* Build configuration list for PBXNativeTarget "SunCloud" */;
			buildPhases = (
				8FEA024D28E631F600E89917 /* Sources */,
				8FEA024E28E631F600E89917 /* Frameworks */,
				8FEA024F28E631F600E89917 /* Resources */,
			);
			buildRules = (
			);
			dependencies = (
			);
			name = SunCloud;
			packageProductDependencies = (
				8F022FC528EF260A00BC573A /* Toast */,
			);
			productName = SunCloud;
			productReference = 8FEA025128E631F600E89917 /* SunCloud.app */;
			productType = "com.apple.product-type.application";
		};
		8FEA026028E631F700E89917 /* SunCloudTests */ = {
			isa = PBXNativeTarget;
			buildConfigurationList = 8FEA027828E631F700E89917 /* Build configuration list for PBXNativeTarget "SunCloudTests" */;
			buildPhases = (
				8FEA025D28E631F700E89917 /* Sources */,
				8FEA025E28E631F700E89917 /* Frameworks */,
				8FEA025F28E631F700E89917 /* Resources */,
			);
			buildRules = (
			);
			dependencies = (
				8FEA026328E631F700E89917 /* PBXTargetDependency */,
			);
			name = SunCloudTests;
			productName = SunCloudTests;
			productReference = 8FEA026128E631F700E89917 /* SunCloudTests.xctest */;
			productType = "com.apple.product-type.bundle.unit-test";
		};
		8FEA026A28E631F700E89917 /* SunCloudUITests */ = {
			isa = PBXNativeTarget;
			buildConfigurationList = 8FEA027B28E631F700E89917 /* Build configuration list for PBXNativeTarget "SunCloudUITests" */;
			buildPhases = (
				8FEA026728E631F700E89917 /* Sources */,
				8FEA026828E631F700E89917 /* Frameworks */,
				8FEA026928E631F700E89917 /* Resources */,
			);
			buildRules = (
			);
			dependencies = (
				8FEA026D28E631F700E89917 /* PBXTargetDependency */,
			);
			name = SunCloudUITests;
			productName = SunCloudUITests;
			productReference = 8FEA026B28E631F700E89917 /* SunCloudUITests.xctest */;
			productType = "com.apple.product-type.bundle.ui-testing";
		};
/* End PBXNativeTarget section */

/* Begin PBXProject section */
		8FEA024928E631F600E89917 /* Project object */ = {
			isa = PBXProject;
			attributes = {
				BuildIndependentTargetsInParallel = 1;
				LastSwiftUpdateCheck = 1400;
				LastUpgradeCheck = 1400;
				TargetAttributes = {
					8F02F7D728F016FF0069D94E = {
						CreatedOnToolsVersion = 14.0.1;
					};
					8F02F7E628F017000069D94E = {
						CreatedOnToolsVersion = 14.0.1;
						TestTargetID = 8F02F7D728F016FF0069D94E;
					};
					8F02F7F028F017000069D94E = {
						CreatedOnToolsVersion = 14.0.1;
						TestTargetID = 8F02F7D728F016FF0069D94E;
					};
					8FEA025028E631F600E89917 = {
						CreatedOnToolsVersion = 14.0.1;
					};
					8FEA026028E631F700E89917 = {
						CreatedOnToolsVersion = 14.0.1;
						TestTargetID = 8FEA025028E631F600E89917;
					};
					8FEA026A28E631F700E89917 = {
						CreatedOnToolsVersion = 14.0.1;
						TestTargetID = 8FEA025028E631F600E89917;
					};
				};
			};
			buildConfigurationList = 8FEA024C28E631F600E89917 /* Build configuration list for PBXProject "SunCloud" */;
			compatibilityVersion = "Xcode 14.0";
			developmentRegion = en;
			hasScannedForEncodings = 0;
			knownRegions = (
				en,
				Base,
			);
			mainGroup = 8FEA024828E631F600E89917;
			packageReferences = (
				8F022FC428EF260A00BC573A /* XCRemoteSwiftPackageReference "toast-swift" */,
			);
			productRefGroup = 8FEA025228E631F600E89917 /* Products */;
			projectDirPath = "";
			projectRoot = "";
			targets = (
				8FEA025028E631F600E89917 /* SunCloud */,
				8FEA026028E631F700E89917 /* SunCloudTests */,
				8FEA026A28E631F700E89917 /* SunCloudUITests */,
				8F02F7D728F016FF0069D94E /* WatchSunCloud Watch App */,
				8F02F7E628F017000069D94E /* WatchSunCloud Watch AppTests */,
				8F02F7F028F017000069D94E /* WatchSunCloud Watch AppUITests */,
			);
		};
/* End PBXProject section */

/* Begin PBXResourcesBuildPhase section */
		8F02F7D628F016FF0069D94E /* Resources */ = {
			isa = PBXResourcesBuildPhase;
			buildActionMask = 2147483647;
			files = (
				8F02F7E228F017000069D94E /* Preview Assets.xcassets in Resources */,
				8F02F7DF28F017000069D94E /* Assets.xcassets in Resources */,
			);
			runOnlyForDeploymentPostprocessing = 0;
		};
		8F02F7E528F017000069D94E /* Resources */ = {
			isa = PBXResourcesBuildPhase;
			buildActionMask = 2147483647;
			files = (
			);
			runOnlyForDeploymentPostprocessing = 0;
		};
		8F02F7EF28F017000069D94E /* Resources */ = {
			isa = PBXResourcesBuildPhase;
			buildActionMask = 2147483647;
			files = (
			);
			runOnlyForDeploymentPostprocessing = 0;
		};
		8FEA024F28E631F600E89917 /* Resources */ = {
			isa = PBXResourcesBuildPhase;
			buildActionMask = 2147483647;
			files = (
				8F5069AB28EEBC0D0006EB8B /* LaunchScreen.storyboard in Resources */,
				8FEA025C28E631F700E89917 /* Preview Assets.xcassets in Resources */,
				8FEA025928E631F700E89917 /* Assets.xcassets in Resources */,
			);
			runOnlyForDeploymentPostprocessing = 0;
		};
		8FEA025F28E631F700E89917 /* Resources */ = {
			isa = PBXResourcesBuildPhase;
			buildActionMask = 2147483647;
			files = (
			);
			runOnlyForDeploymentPostprocessing = 0;
		};
		8FEA026928E631F700E89917 /* Resources */ = {
			isa = PBXResourcesBuildPhase;
			buildActionMask = 2147483647;
			files = (
			);
			runOnlyForDeploymentPostprocessing = 0;
		};
/* End PBXResourcesBuildPhase section */

/* Begin PBXSourcesBuildPhase section */
		8F02F7D428F016FF0069D94E /* Sources */ = {
			isa = PBXSourcesBuildPhase;
			buildActionMask = 2147483647;
			files = (
				8F02F80828F01B140069D94E /* WeatherRandomAPI.swift in Sources */,
				8F02F7DD28F016FF0069D94E /* MainView.swift in Sources */,
				8F02F80628F01AFA0069D94E /* WeatherModel.swift in Sources */,
				8F02F7DB28F016FF0069D94E /* WatchSunCloudApp.swift in Sources */,
			);
			runOnlyForDeploymentPostprocessing = 0;
		};
		8F02F7E328F017000069D94E /* Sources */ = {
			isa = PBXSourcesBuildPhase;
			buildActionMask = 2147483647;
			files = (
				8F02F7EC28F017000069D94E /* WatchSunCloud_Watch_AppTests.swift in Sources */,
			);
			runOnlyForDeploymentPostprocessing = 0;
		};
		8F02F7ED28F017000069D94E /* Sources */ = {
			isa = PBXSourcesBuildPhase;
			buildActionMask = 2147483647;
			files = (
				8F02F7F628F017000069D94E /* WatchSunCloud_Watch_AppUITests.swift in Sources */,
				8F02F7F828F017000069D94E /* WatchSunCloud_Watch_AppUITestsLaunchTests.swift in Sources */,
			);
			runOnlyForDeploymentPostprocessing = 0;
		};
		8FEA024D28E631F600E89917 /* Sources */ = {
			isa = PBXSourcesBuildPhase;
			buildActionMask = 2147483647;
			files = (
				8F1FCA3628EECD7C00F2A16A /* MapView.swift in Sources */,
				8F9AA9C328E6C19A00D255FE /* WeatherAPI.swift in Sources */,
				8FEA025728E631F600E89917 /* MainView.swift in Sources */,
				8F5069B128EEC6A30006EB8B /* MeteoView.swift in Sources */,
				8FEA025528E631F600E89917 /* SunCloudApp.swift in Sources */,
				8FB8070528E83F9700BC5B1E /* WeatherModel.swift in Sources */,
				8F45801328E8245900EC35C3 /* WeatherRandomAPI.swift in Sources */,
			);
			runOnlyForDeploymentPostprocessing = 0;
		};
		8FEA025D28E631F700E89917 /* Sources */ = {
			isa = PBXSourcesBuildPhase;
			buildActionMask = 2147483647;
			files = (
				8FEA026628E631F700E89917 /* SunCloudTests.swift in Sources */,
			);
			runOnlyForDeploymentPostprocessing = 0;
		};
		8FEA026728E631F700E89917 /* Sources */ = {
			isa = PBXSourcesBuildPhase;
			buildActionMask = 2147483647;
			files = (
				8FEA027228E631F700E89917 /* SunCloudUITestsLaunchTests.swift in Sources */,
				8FEA027028E631F700E89917 /* SunCloudUITests.swift in Sources */,
			);
			runOnlyForDeploymentPostprocessing = 0;
		};
/* End PBXSourcesBuildPhase section */

/* Begin PBXTargetDependency section */
		8F02F7E928F017000069D94E /* PBXTargetDependency */ = {
			isa = PBXTargetDependency;
			target = 8F02F7D728F016FF0069D94E /* WatchSunCloud Watch App */;
			targetProxy = 8F02F7E828F017000069D94E /* PBXContainerItemProxy */;
		};
		8F02F7F328F017000069D94E /* PBXTargetDependency */ = {
			isa = PBXTargetDependency;
			target = 8F02F7D728F016FF0069D94E /* WatchSunCloud Watch App */;
			targetProxy = 8F02F7F228F017000069D94E /* PBXContainerItemProxy */;
		};
		8FEA026328E631F700E89917 /* PBXTargetDependency */ = {
			isa = PBXTargetDependency;
			target = 8FEA025028E631F600E89917 /* SunCloud */;
			targetProxy = 8FEA026228E631F700E89917 /* PBXContainerItemProxy */;
		};
		8FEA026D28E631F700E89917 /* PBXTargetDependency */ = {
			isa = PBXTargetDependency;
			target = 8FEA025028E631F600E89917 /* SunCloud */;
			targetProxy = 8FEA026C28E631F700E89917 /* PBXContainerItemProxy */;
		};
/* End PBXTargetDependency section */

/* Begin XCBuildConfiguration section */
		8F02F7F928F017000069D94E /* Debug */ = {
			isa = XCBuildConfiguration;
			buildSettings = {
				ASSETCATALOG_COMPILER_APPICON_NAME = AppIcon;
				ASSETCATALOG_COMPILER_GLOBAL_ACCENT_COLOR_NAME = AccentColor;
				CODE_SIGN_STYLE = Automatic;
				CURRENT_PROJECT_VERSION = 1;
				DEVELOPMENT_ASSET_PATHS = "\"WatchSunCloud Watch App/Preview Content\"";
				DEVELOPMENT_TEAM = UMCL8U74S6;
				ENABLE_PREVIEWS = YES;
				GENERATE_INFOPLIST_FILE = YES;
				INFOPLIST_KEY_CFBundleDisplayName = SunCloud;
				INFOPLIST_KEY_NSLocationWhenInUseUsageDescription = "Location required to get local weather data.";
				INFOPLIST_KEY_UISupportedInterfaceOrientations = "UIInterfaceOrientationPortrait UIInterfaceOrientationPortraitUpsideDown";
				INFOPLIST_KEY_WKCompanionAppBundleIdentifier = com.pierrezettl.SunCloud;
				LD_RUNPATH_SEARCH_PATHS = (
					"$(inherited)",
					"@executable_path/Frameworks",
				);
				MARKETING_VERSION = 1.0;
				PRODUCT_BUNDLE_IDENTIFIER = com.pierrezettl.SunCloud.WatchSunCloud;
				PRODUCT_NAME = "$(TARGET_NAME)";
				SDKROOT = watchos;
				SKIP_INSTALL = YES;
				SWIFT_EMIT_LOC_STRINGS = YES;
				SWIFT_VERSION = 5.0;
				TARGETED_DEVICE_FAMILY = 4;
				WATCHOS_DEPLOYMENT_TARGET = 9.0;
			};
			name = Debug;
		};
		8F02F7FA28F017000069D94E /* Release */ = {
			isa = XCBuildConfiguration;
			buildSettings = {
				ASSETCATALOG_COMPILER_APPICON_NAME = AppIcon;
				ASSETCATALOG_COMPILER_GLOBAL_ACCENT_COLOR_NAME = AccentColor;
				CODE_SIGN_STYLE = Automatic;
				CURRENT_PROJECT_VERSION = 1;
				DEVELOPMENT_ASSET_PATHS = "\"WatchSunCloud Watch App/Preview Content\"";
				DEVELOPMENT_TEAM = UMCL8U74S6;
				ENABLE_PREVIEWS = YES;
				GENERATE_INFOPLIST_FILE = YES;
				INFOPLIST_KEY_CFBundleDisplayName = SunCloud;
				INFOPLIST_KEY_NSLocationWhenInUseUsageDescription = "Location required to get local weather data.";
				INFOPLIST_KEY_UISupportedInterfaceOrientations = "UIInterfaceOrientationPortrait UIInterfaceOrientationPortraitUpsideDown";
				INFOPLIST_KEY_WKCompanionAppBundleIdentifier = com.pierrezettl.SunCloud;
				LD_RUNPATH_SEARCH_PATHS = (
					"$(inherited)",
					"@executable_path/Frameworks",
				);
				MARKETING_VERSION = 1.0;
				PRODUCT_BUNDLE_IDENTIFIER = com.pierrezettl.SunCloud.WatchSunCloud;
				PRODUCT_NAME = "$(TARGET_NAME)";
				SDKROOT = watchos;
				SKIP_INSTALL = YES;
				SWIFT_EMIT_LOC_STRINGS = YES;
				SWIFT_VERSION = 5.0;
				TARGETED_DEVICE_FAMILY = 4;
				WATCHOS_DEPLOYMENT_TARGET = 9.0;
			};
			name = Release;
		};
		8F02F7FB28F017000069D94E /* Debug */ = {
			isa = XCBuildConfiguration;
			buildSettings = {
				ALWAYS_EMBED_SWIFT_STANDARD_LIBRARIES = YES;
				BUNDLE_LOADER = "$(TEST_HOST)";
				CODE_SIGN_STYLE = Automatic;
				CURRENT_PROJECT_VERSION = 1;
				DEVELOPMENT_TEAM = UMCL8U74S6;
				GENERATE_INFOPLIST_FILE = YES;
				MARKETING_VERSION = 1.0;
				PRODUCT_BUNDLE_IDENTIFIER = "com.pierrezettl.WatchSunCloud-Watch-AppTests";
				PRODUCT_NAME = "$(TARGET_NAME)";
				SDKROOT = watchos;
				SWIFT_EMIT_LOC_STRINGS = NO;
				SWIFT_VERSION = 5.0;
				TARGETED_DEVICE_FAMILY = 4;
				TEST_HOST = "$(BUILT_PRODUCTS_DIR)/WatchSunCloud Watch App.app/$(BUNDLE_EXECUTABLE_FOLDER_PATH)/WatchSunCloud Watch App";
				WATCHOS_DEPLOYMENT_TARGET = 9.0;
			};
			name = Debug;
		};
		8F02F7FC28F017000069D94E /* Release */ = {
			isa = XCBuildConfiguration;
			buildSettings = {
				ALWAYS_EMBED_SWIFT_STANDARD_LIBRARIES = YES;
				BUNDLE_LOADER = "$(TEST_HOST)";
				CODE_SIGN_STYLE = Automatic;
				CURRENT_PROJECT_VERSION = 1;
				DEVELOPMENT_TEAM = UMCL8U74S6;
				GENERATE_INFOPLIST_FILE = YES;
				MARKETING_VERSION = 1.0;
				PRODUCT_BUNDLE_IDENTIFIER = "com.pierrezettl.WatchSunCloud-Watch-AppTests";
				PRODUCT_NAME = "$(TARGET_NAME)";
				SDKROOT = watchos;
				SWIFT_EMIT_LOC_STRINGS = NO;
				SWIFT_VERSION = 5.0;
				TARGETED_DEVICE_FAMILY = 4;
				TEST_HOST = "$(BUILT_PRODUCTS_DIR)/WatchSunCloud Watch App.app/$(BUNDLE_EXECUTABLE_FOLDER_PATH)/WatchSunCloud Watch App";
				WATCHOS_DEPLOYMENT_TARGET = 9.0;
			};
			name = Release;
		};
		8F02F7FD28F017000069D94E /* Debug */ = {
			isa = XCBuildConfiguration;
			buildSettings = {
				ALWAYS_EMBED_SWIFT_STANDARD_LIBRARIES = YES;
				CODE_SIGN_STYLE = Automatic;
				CURRENT_PROJECT_VERSION = 1;
				DEVELOPMENT_TEAM = UMCL8U74S6;
				GENERATE_INFOPLIST_FILE = YES;
				MARKETING_VERSION = 1.0;
				PRODUCT_BUNDLE_IDENTIFIER = "com.pierrezettl.WatchSunCloud-Watch-AppUITests";
				PRODUCT_NAME = "$(TARGET_NAME)";
				SDKROOT = watchos;
				SWIFT_EMIT_LOC_STRINGS = NO;
				SWIFT_VERSION = 5.0;
				TARGETED_DEVICE_FAMILY = 4;
				TEST_TARGET_NAME = "WatchSunCloud Watch App";
				WATCHOS_DEPLOYMENT_TARGET = 9.0;
			};
			name = Debug;
		};
		8F02F7FE28F017000069D94E /* Release */ = {
			isa = XCBuildConfiguration;
			buildSettings = {
				ALWAYS_EMBED_SWIFT_STANDARD_LIBRARIES = YES;
				CODE_SIGN_STYLE = Automatic;
				CURRENT_PROJECT_VERSION = 1;
				DEVELOPMENT_TEAM = UMCL8U74S6;
				GENERATE_INFOPLIST_FILE = YES;
				MARKETING_VERSION = 1.0;
				PRODUCT_BUNDLE_IDENTIFIER = "com.pierrezettl.WatchSunCloud-Watch-AppUITests";
				PRODUCT_NAME = "$(TARGET_NAME)";
				SDKROOT = watchos;
				SWIFT_EMIT_LOC_STRINGS = NO;
				SWIFT_VERSION = 5.0;
				TARGETED_DEVICE_FAMILY = 4;
				TEST_TARGET_NAME = "WatchSunCloud Watch App";
				WATCHOS_DEPLOYMENT_TARGET = 9.0;
			};
			name = Release;
		};
		8FEA027328E631F700E89917 /* Debug */ = {
			isa = XCBuildConfiguration;
			buildSettings = {
				ALWAYS_SEARCH_USER_PATHS = NO;
				CLANG_ANALYZER_NONNULL = YES;
				CLANG_ANALYZER_NUMBER_OBJECT_CONVERSION = YES_AGGRESSIVE;
				CLANG_CXX_LANGUAGE_STANDARD = "gnu++20";
				CLANG_ENABLE_MODULES = YES;
				CLANG_ENABLE_OBJC_ARC = YES;
				CLANG_ENABLE_OBJC_WEAK = YES;
				CLANG_WARN_BLOCK_CAPTURE_AUTORELEASING = YES;
				CLANG_WARN_BOOL_CONVERSION = YES;
				CLANG_WARN_COMMA = YES;
				CLANG_WARN_CONSTANT_CONVERSION = YES;
				CLANG_WARN_DEPRECATED_OBJC_IMPLEMENTATIONS = YES;
				CLANG_WARN_DIRECT_OBJC_ISA_USAGE = YES_ERROR;
				CLANG_WARN_DOCUMENTATION_COMMENTS = YES;
				CLANG_WARN_EMPTY_BODY = YES;
				CLANG_WARN_ENUM_CONVERSION = YES;
				CLANG_WARN_INFINITE_RECURSION = YES;
				CLANG_WARN_INT_CONVERSION = YES;
				CLANG_WARN_NON_LITERAL_NULL_CONVERSION = YES;
				CLANG_WARN_OBJC_IMPLICIT_RETAIN_SELF = YES;
				CLANG_WARN_OBJC_LITERAL_CONVERSION = YES;
				CLANG_WARN_OBJC_ROOT_CLASS = YES_ERROR;
				CLANG_WARN_QUOTED_INCLUDE_IN_FRAMEWORK_HEADER = YES;
				CLANG_WARN_RANGE_LOOP_ANALYSIS = YES;
				CLANG_WARN_STRICT_PROTOTYPES = YES;
				CLANG_WARN_SUSPICIOUS_MOVE = YES;
				CLANG_WARN_UNGUARDED_AVAILABILITY = YES_AGGRESSIVE;
				CLANG_WARN_UNREACHABLE_CODE = YES;
				CLANG_WARN__DUPLICATE_METHOD_MATCH = YES;
				COPY_PHASE_STRIP = NO;
				DEBUG_INFORMATION_FORMAT = dwarf;
				ENABLE_STRICT_OBJC_MSGSEND = YES;
				ENABLE_TESTABILITY = YES;
				GCC_C_LANGUAGE_STANDARD = gnu11;
				GCC_DYNAMIC_NO_PIC = NO;
				GCC_NO_COMMON_BLOCKS = YES;
				GCC_OPTIMIZATION_LEVEL = 0;
				GCC_PREPROCESSOR_DEFINITIONS = (
					"DEBUG=1",
					"$(inherited)",
				);
				GCC_WARN_64_TO_32_BIT_CONVERSION = YES;
				GCC_WARN_ABOUT_RETURN_TYPE = YES_ERROR;
				GCC_WARN_UNDECLARED_SELECTOR = YES;
				GCC_WARN_UNINITIALIZED_AUTOS = YES_AGGRESSIVE;
				GCC_WARN_UNUSED_FUNCTION = YES;
				GCC_WARN_UNUSED_VARIABLE = YES;
				IPHONEOS_DEPLOYMENT_TARGET = 16.0;
				MTL_ENABLE_DEBUG_INFO = INCLUDE_SOURCE;
				MTL_FAST_MATH = YES;
				ONLY_ACTIVE_ARCH = YES;
				SDKROOT = iphoneos;
				SWIFT_ACTIVE_COMPILATION_CONDITIONS = DEBUG;
				SWIFT_OPTIMIZATION_LEVEL = "-Onone";
			};
			name = Debug;
		};
		8FEA027428E631F700E89917 /* Release */ = {
			isa = XCBuildConfiguration;
			buildSettings = {
				ALWAYS_SEARCH_USER_PATHS = NO;
				CLANG_ANALYZER_NONNULL = YES;
				CLANG_ANALYZER_NUMBER_OBJECT_CONVERSION = YES_AGGRESSIVE;
				CLANG_CXX_LANGUAGE_STANDARD = "gnu++20";
				CLANG_ENABLE_MODULES = YES;
				CLANG_ENABLE_OBJC_ARC = YES;
				CLANG_ENABLE_OBJC_WEAK = YES;
				CLANG_WARN_BLOCK_CAPTURE_AUTORELEASING = YES;
				CLANG_WARN_BOOL_CONVERSION = YES;
				CLANG_WARN_COMMA = YES;
				CLANG_WARN_CONSTANT_CONVERSION = YES;
				CLANG_WARN_DEPRECATED_OBJC_IMPLEMENTATIONS = YES;
				CLANG_WARN_DIRECT_OBJC_ISA_USAGE = YES_ERROR;
				CLANG_WARN_DOCUMENTATION_COMMENTS = YES;
				CLANG_WARN_EMPTY_BODY = YES;
				CLANG_WARN_ENUM_CONVERSION = YES;
				CLANG_WARN_INFINITE_RECURSION = YES;
				CLANG_WARN_INT_CONVERSION = YES;
				CLANG_WARN_NON_LITERAL_NULL_CONVERSION = YES;
				CLANG_WARN_OBJC_IMPLICIT_RETAIN_SELF = YES;
				CLANG_WARN_OBJC_LITERAL_CONVERSION = YES;
				CLANG_WARN_OBJC_ROOT_CLASS = YES_ERROR;
				CLANG_WARN_QUOTED_INCLUDE_IN_FRAMEWORK_HEADER = YES;
				CLANG_WARN_RANGE_LOOP_ANALYSIS = YES;
				CLANG_WARN_STRICT_PROTOTYPES = YES;
				CLANG_WARN_SUSPICIOUS_MOVE = YES;
				CLANG_WARN_UNGUARDED_AVAILABILITY = YES_AGGRESSIVE;
				CLANG_WARN_UNREACHABLE_CODE = YES;
				CLANG_WARN__DUPLICATE_METHOD_MATCH = YES;
				COPY_PHASE_STRIP = NO;
				DEBUG_INFORMATION_FORMAT = "dwarf-with-dsym";
				ENABLE_NS_ASSERTIONS = NO;
				ENABLE_STRICT_OBJC_MSGSEND = YES;
				GCC_C_LANGUAGE_STANDARD = gnu11;
				GCC_NO_COMMON_BLOCKS = YES;
				GCC_WARN_64_TO_32_BIT_CONVERSION = YES;
				GCC_WARN_ABOUT_RETURN_TYPE = YES_ERROR;
				GCC_WARN_UNDECLARED_SELECTOR = YES;
				GCC_WARN_UNINITIALIZED_AUTOS = YES_AGGRESSIVE;
				GCC_WARN_UNUSED_FUNCTION = YES;
				GCC_WARN_UNUSED_VARIABLE = YES;
				IPHONEOS_DEPLOYMENT_TARGET = 16.0;
				MTL_ENABLE_DEBUG_INFO = NO;
				MTL_FAST_MATH = YES;
				SDKROOT = iphoneos;
				SWIFT_COMPILATION_MODE = wholemodule;
				SWIFT_OPTIMIZATION_LEVEL = "-O";
				VALIDATE_PRODUCT = YES;
			};
			name = Release;
		};
		8FEA027628E631F700E89917 /* Debug */ = {
			isa = XCBuildConfiguration;
			buildSettings = {
				ASSETCATALOG_COMPILER_APPICON_NAME = AppIcon;
				ASSETCATALOG_COMPILER_GLOBAL_ACCENT_COLOR_NAME = AccentColor;
				CODE_SIGN_STYLE = Automatic;
				CURRENT_PROJECT_VERSION = 1;
				DEVELOPMENT_ASSET_PATHS = "\"SunCloud/Preview Content\"";
				DEVELOPMENT_TEAM = UMCL8U74S6;
				ENABLE_PREVIEWS = YES;
				GENERATE_INFOPLIST_FILE = YES;
				INFOPLIST_KEY_LSApplicationCategoryType = "public.app-category.weather";
				INFOPLIST_KEY_NSLocationWhenInUseUsageDescription = "Location required to get local weather data.";
				INFOPLIST_KEY_UIApplicationSceneManifest_Generation = YES;
				INFOPLIST_KEY_UIApplicationSupportsIndirectInputEvents = YES;
				INFOPLIST_KEY_UILaunchScreen_Generation = YES;
				INFOPLIST_KEY_UILaunchStoryboardName = LaunchScreen.storyboard;
				INFOPLIST_KEY_UISupportedInterfaceOrientations = UIInterfaceOrientationPortrait;
				INFOPLIST_KEY_UISupportedInterfaceOrientations_iPad = "UIInterfaceOrientationLandscapeLeft UIInterfaceOrientationLandscapeRight UIInterfaceOrientationPortrait UIInterfaceOrientationPortraitUpsideDown";
				LD_RUNPATH_SEARCH_PATHS = (
					"$(inherited)",
					"@executable_path/Frameworks",
				);
				MARKETING_VERSION = 1.0;
				PRODUCT_BUNDLE_IDENTIFIER = com.pierrezettl.SunCloud;
				PRODUCT_NAME = "$(TARGET_NAME)";
				SUPPORTED_PLATFORMS = "iphoneos iphonesimulator";
				SUPPORTS_MACCATALYST = NO;
				SUPPORTS_MAC_DESIGNED_FOR_IPHONE_IPAD = NO;
				SWIFT_EMIT_LOC_STRINGS = YES;
				SWIFT_VERSION = 5.0;
				TARGETED_DEVICE_FAMILY = 1;
			};
			name = Debug;
		};
		8FEA027728E631F700E89917 /* Release */ = {
			isa = XCBuildConfiguration;
			buildSettings = {
				ASSETCATALOG_COMPILER_APPICON_NAME = AppIcon;
				ASSETCATALOG_COMPILER_GLOBAL_ACCENT_COLOR_NAME = AccentColor;
				CODE_SIGN_STYLE = Automatic;
				CURRENT_PROJECT_VERSION = 1;
				DEVELOPMENT_ASSET_PATHS = "\"SunCloud/Preview Content\"";
				DEVELOPMENT_TEAM = UMCL8U74S6;
				ENABLE_PREVIEWS = YES;
				GENERATE_INFOPLIST_FILE = YES;
				INFOPLIST_KEY_LSApplicationCategoryType = "public.app-category.weather";
				INFOPLIST_KEY_NSLocationWhenInUseUsageDescription = "Location required to get local weather data.";
				INFOPLIST_KEY_UIApplicationSceneManifest_Generation = YES;
				INFOPLIST_KEY_UIApplicationSupportsIndirectInputEvents = YES;
				INFOPLIST_KEY_UILaunchScreen_Generation = YES;
				INFOPLIST_KEY_UILaunchStoryboardName = LaunchScreen.storyboard;
				INFOPLIST_KEY_UISupportedInterfaceOrientations = UIInterfaceOrientationPortrait;
				INFOPLIST_KEY_UISupportedInterfaceOrientations_iPad = "UIInterfaceOrientationLandscapeLeft UIInterfaceOrientationLandscapeRight UIInterfaceOrientationPortrait UIInterfaceOrientationPortraitUpsideDown";
				LD_RUNPATH_SEARCH_PATHS = (
					"$(inherited)",
					"@executable_path/Frameworks",
				);
				MARKETING_VERSION = 1.0;
				PRODUCT_BUNDLE_IDENTIFIER = com.pierrezettl.SunCloud;
				PRODUCT_NAME = "$(TARGET_NAME)";
				SUPPORTED_PLATFORMS = "iphoneos iphonesimulator";
				SUPPORTS_MACCATALYST = NO;
				SUPPORTS_MAC_DESIGNED_FOR_IPHONE_IPAD = NO;
				SWIFT_EMIT_LOC_STRINGS = YES;
				SWIFT_VERSION = 5.0;
				TARGETED_DEVICE_FAMILY = 1;
			};
			name = Release;
		};
		8FEA027928E631F700E89917 /* Debug */ = {
			isa = XCBuildConfiguration;
			buildSettings = {
				ALWAYS_EMBED_SWIFT_STANDARD_LIBRARIES = YES;
				BUNDLE_LOADER = "$(TEST_HOST)";
				CODE_SIGN_STYLE = Automatic;
				CURRENT_PROJECT_VERSION = 1;
				DEVELOPMENT_TEAM = UMCL8U74S6;
				GENERATE_INFOPLIST_FILE = YES;
				IPHONEOS_DEPLOYMENT_TARGET = 16.0;
				MARKETING_VERSION = 1.0;
				PRODUCT_BUNDLE_IDENTIFIER = com.pierrezettl.SunCloudTests;
				PRODUCT_NAME = "$(TARGET_NAME)";
				SWIFT_EMIT_LOC_STRINGS = NO;
				SWIFT_VERSION = 5.0;
				TARGETED_DEVICE_FAMILY = "1,2";
				TEST_HOST = "$(BUILT_PRODUCTS_DIR)/SunCloud.app/$(BUNDLE_EXECUTABLE_FOLDER_PATH)/SunCloud";
			};
			name = Debug;
		};
		8FEA027A28E631F700E89917 /* Release */ = {
			isa = XCBuildConfiguration;
			buildSettings = {
				ALWAYS_EMBED_SWIFT_STANDARD_LIBRARIES = YES;
				BUNDLE_LOADER = "$(TEST_HOST)";
				CODE_SIGN_STYLE = Automatic;
				CURRENT_PROJECT_VERSION = 1;
				DEVELOPMENT_TEAM = UMCL8U74S6;
				GENERATE_INFOPLIST_FILE = YES;
				IPHONEOS_DEPLOYMENT_TARGET = 16.0;
				MARKETING_VERSION = 1.0;
				PRODUCT_BUNDLE_IDENTIFIER = com.pierrezettl.SunCloudTests;
				PRODUCT_NAME = "$(TARGET_NAME)";
				SWIFT_EMIT_LOC_STRINGS = NO;
				SWIFT_VERSION = 5.0;
				TARGETED_DEVICE_FAMILY = "1,2";
				TEST_HOST = "$(BUILT_PRODUCTS_DIR)/SunCloud.app/$(BUNDLE_EXECUTABLE_FOLDER_PATH)/SunCloud";
			};
			name = Release;
		};
		8FEA027C28E631F700E89917 /* Debug */ = {
			isa = XCBuildConfiguration;
			buildSettings = {
				ALWAYS_EMBED_SWIFT_STANDARD_LIBRARIES = YES;
				CODE_SIGN_STYLE = Automatic;
				CURRENT_PROJECT_VERSION = 1;
				DEVELOPMENT_TEAM = UMCL8U74S6;
				GENERATE_INFOPLIST_FILE = YES;
				MARKETING_VERSION = 1.0;
				PRODUCT_BUNDLE_IDENTIFIER = com.pierrezettl.SunCloudUITests;
				PRODUCT_NAME = "$(TARGET_NAME)";
				SWIFT_EMIT_LOC_STRINGS = NO;
				SWIFT_VERSION = 5.0;
				TARGETED_DEVICE_FAMILY = "1,2";
				TEST_TARGET_NAME = SunCloud;
			};
			name = Debug;
		};
		8FEA027D28E631F700E89917 /* Release */ = {
			isa = XCBuildConfiguration;
			buildSettings = {
				ALWAYS_EMBED_SWIFT_STANDARD_LIBRARIES = YES;
				CODE_SIGN_STYLE = Automatic;
				CURRENT_PROJECT_VERSION = 1;
				DEVELOPMENT_TEAM = UMCL8U74S6;
				GENERATE_INFOPLIST_FILE = YES;
				MARKETING_VERSION = 1.0;
				PRODUCT_BUNDLE_IDENTIFIER = com.pierrezettl.SunCloudUITests;
				PRODUCT_NAME = "$(TARGET_NAME)";
				SWIFT_EMIT_LOC_STRINGS = NO;
				SWIFT_VERSION = 5.0;
				TARGETED_DEVICE_FAMILY = "1,2";
				TEST_TARGET_NAME = SunCloud;
			};
			name = Release;
		};
/* End XCBuildConfiguration section */

/* Begin XCConfigurationList section */
		8F02F7FF28F017000069D94E /* Build configuration list for PBXNativeTarget "WatchSunCloud Watch App" */ = {
			isa = XCConfigurationList;
			buildConfigurations = (
				8F02F7F928F017000069D94E /* Debug */,
				8F02F7FA28F017000069D94E /* Release */,
			);
			defaultConfigurationIsVisible = 0;
			defaultConfigurationName = Release;
		};
		8F02F80028F017000069D94E /* Build configuration list for PBXNativeTarget "WatchSunCloud Watch AppTests" */ = {
			isa = XCConfigurationList;
			buildConfigurations = (
				8F02F7FB28F017000069D94E /* Debug */,
				8F02F7FC28F017000069D94E /* Release */,
			);
			defaultConfigurationIsVisible = 0;
			defaultConfigurationName = Release;
		};
		8F02F80128F017000069D94E /* Build configuration list for PBXNativeTarget "WatchSunCloud Watch AppUITests" */ = {
			isa = XCConfigurationList;
			buildConfigurations = (
				8F02F7FD28F017000069D94E /* Debug */,
				8F02F7FE28F017000069D94E /* Release */,
			);
			defaultConfigurationIsVisible = 0;
			defaultConfigurationName = Release;
		};
		8FEA024C28E631F600E89917 /* Build configuration list for PBXProject "SunCloud" */ = {
			isa = XCConfigurationList;
			buildConfigurations = (
				8FEA027328E631F700E89917 /* Debug */,
				8FEA027428E631F700E89917 /* Release */,
			);
			defaultConfigurationIsVisible = 0;
			defaultConfigurationName = Release;
		};
		8FEA027528E631F700E89917 /* Build configuration list for PBXNativeTarget "SunCloud" */ = {
			isa = XCConfigurationList;
			buildConfigurations = (
				8FEA027628E631F700E89917 /* Debug */,
				8FEA027728E631F700E89917 /* Release */,
			);
			defaultConfigurationIsVisible = 0;
			defaultConfigurationName = Release;
		};
		8FEA027828E631F700E89917 /* Build configuration list for PBXNativeTarget "SunCloudTests" */ = {
			isa = XCConfigurationList;
			buildConfigurations = (
				8FEA027928E631F700E89917 /* Debug */,
				8FEA027A28E631F700E89917 /* Release */,
			);
			defaultConfigurationIsVisible = 0;
			defaultConfigurationName = Release;
		};
		8FEA027B28E631F700E89917 /* Build configuration list for PBXNativeTarget "SunCloudUITests" */ = {
			isa = XCConfigurationList;
			buildConfigurations = (
				8FEA027C28E631F700E89917 /* Debug */,
				8FEA027D28E631F700E89917 /* Release */,
			);
			defaultConfigurationIsVisible = 0;
			defaultConfigurationName = Release;
		};
/* End XCConfigurationList section */

/* Begin XCRemoteSwiftPackageReference section */
		8F022FC428EF260A00BC573A /* XCRemoteSwiftPackageReference "toast-swift" */ = {
			isa = XCRemoteSwiftPackageReference;
			repositoryURL = "https://github.com/BastiaanJansen/toast-swift";
			requirement = {
				kind = upToNextMajorVersion;
				minimumVersion = 1.0.0;
			};
		};
/* End XCRemoteSwiftPackageReference section */

/* Begin XCSwiftPackageProductDependency section */
		8F022FC528EF260A00BC573A /* Toast */ = {
			isa = XCSwiftPackageProductDependency;
			package = 8F022FC428EF260A00BC573A /* XCRemoteSwiftPackageReference "toast-swift" */;
			productName = Toast;
		};
/* End XCSwiftPackageProductDependency section */
	};
	rootObject = 8FEA024928E631F600E89917 /* Project object */;
}
